// !$*UTF8*$!
{
	archiveVersion = 1;
	classes = {
	};
	objectVersion = 56;
	objects = {

/* Begin PBXBuildFile section */
		6DD15C4E1A3112FE88F9B9CF /* Pods_avito_task_internship.framework in Frameworks */ = {isa = PBXBuildFile; fileRef = 048DD77BA9E6F000E55CF62B /* Pods_avito_task_internship.framework */; };
		FA1B750C28FDF192004FD8A6 /* AppDelegate.swift in Sources */ = {isa = PBXBuildFile; fileRef = FA1B750B28FDF192004FD8A6 /* AppDelegate.swift */; };
		FA1B750E28FDF192004FD8A6 /* SceneDelegate.swift in Sources */ = {isa = PBXBuildFile; fileRef = FA1B750D28FDF192004FD8A6 /* SceneDelegate.swift */; };
		FA1B751028FDF192004FD8A6 /* MainViewController.swift in Sources */ = {isa = PBXBuildFile; fileRef = FA1B750F28FDF192004FD8A6 /* MainViewController.swift */; };
		FA1B751528FDF193004FD8A6 /* Assets.xcassets in Resources */ = {isa = PBXBuildFile; fileRef = FA1B751428FDF193004FD8A6 /* Assets.xcassets */; };
		FA1B751828FDF193004FD8A6 /* LaunchScreen.storyboard in Resources */ = {isa = PBXBuildFile; fileRef = FA1B751628FDF193004FD8A6 /* LaunchScreen.storyboard */; };
		FA1B752128FDF3C4004FD8A6 /* CompanyNetworkResponseModel.swift in Sources */ = {isa = PBXBuildFile; fileRef = FA1B752028FDF3C4004FD8A6 /* CompanyNetworkResponseModel.swift */; };
		FA1B752328FDFD6B004FD8A6 /* NetworkService.swift in Sources */ = {isa = PBXBuildFile; fileRef = FA1B752228FDFD6B004FD8A6 /* NetworkService.swift */; };
		FA1B752628FDFE85004FD8A6 /* EmployeeCell.swift in Sources */ = {isa = PBXBuildFile; fileRef = FA1B752528FDFE85004FD8A6 /* EmployeeCell.swift */; };
		FA1B752B28FE0E45004FD8A6 /* CompanyNetworkModel.swift in Sources */ = {isa = PBXBuildFile; fileRef = FA1B752A28FE0E45004FD8A6 /* CompanyNetworkModel.swift */; };
		FA1B752D28FE0E6D004FD8A6 /* EmployeeNetworkModel.swift in Sources */ = {isa = PBXBuildFile; fileRef = FA1B752C28FE0E6D004FD8A6 /* EmployeeNetworkModel.swift */; };
		FA1B752F28FE0F64004FD8A6 /* PhoneNumber.swift in Sources */ = {isa = PBXBuildFile; fileRef = FA1B752E28FE0F64004FD8A6 /* PhoneNumber.swift */; };
		FA2A059628FF342200A04876 /* Cache.swift in Sources */ = {isa = PBXBuildFile; fileRef = FA2A059528FF342200A04876 /* Cache.swift */; };
		FA2A059928FF347600A04876 /* UserSettings.swift in Sources */ = {isa = PBXBuildFile; fileRef = FA2A059828FF347600A04876 /* UserSettings.swift */; };
		FA2A059B28FF74D600A04876 /* Parser.swift in Sources */ = {isa = PBXBuildFile; fileRef = FA2A059A28FF74D600A04876 /* Parser.swift */; };
		FA2A059D2900073500A04876 /* CacheDiskStorage.swift in Sources */ = {isa = PBXBuildFile; fileRef = FA2A059C2900073500A04876 /* CacheDiskStorage.swift */; };
		FA2A05A029005B2E00A04876 /* HeaderView.swift in Sources */ = {isa = PBXBuildFile; fileRef = FA2A059F29005B2E00A04876 /* HeaderView.swift */; };
		FA2A05A32901CDA300A04876 /* UIColor+ext.swift in Sources */ = {isa = PBXBuildFile; fileRef = FA2A05A22901CDA300A04876 /* UIColor+ext.swift */; };
		FA2A05A52901D5B300A04876 /* UIFont+ext.swift in Sources */ = {isa = PBXBuildFile; fileRef = FA2A05A42901D5B300A04876 /* UIFont+ext.swift */; };
		FA2A05A72901E15800A04876 /* InfoLabel.swift in Sources */ = {isa = PBXBuildFile; fileRef = FA2A05A62901E15800A04876 /* InfoLabel.swift */; };
		FA2A05A92901E72200A04876 /* DashedSeparator.swift in Sources */ = {isa = PBXBuildFile; fileRef = FA2A05A82901E72200A04876 /* DashedSeparator.swift */; };
		FA2A05AB290202DE00A04876 /* CGRect+ext.swift in Sources */ = {isa = PBXBuildFile; fileRef = FA2A05AA290202DE00A04876 /* CGRect+ext.swift */; };
		FA2A05BB2903276900A04876 /* MainInteractor.swift in Sources */ = {isa = PBXBuildFile; fileRef = FA2A05BA2903276900A04876 /* MainInteractor.swift */; };
		FA2A05BD290328AB00A04876 /* MainModels.swift in Sources */ = {isa = PBXBuildFile; fileRef = FA2A05BC290328AB00A04876 /* MainModels.swift */; };
		FA2A05C029032B7700A04876 /* Company.swift in Sources */ = {isa = PBXBuildFile; fileRef = FA2A05BF29032B7700A04876 /* Company.swift */; };
		FA2A05C229032E3400A04876 /* EmployeeName.swift in Sources */ = {isa = PBXBuildFile; fileRef = FA2A05C129032E3400A04876 /* EmployeeName.swift */; };
		FA2A05C429032E9200A04876 /* Employee.swift in Sources */ = {isa = PBXBuildFile; fileRef = FA2A05C329032E9200A04876 /* Employee.swift */; };
		FA3D6442290330F700799D57 /* NetworkWorker.swift in Sources */ = {isa = PBXBuildFile; fileRef = FA3D6441290330F700799D57 /* NetworkWorker.swift */; };
		FA3D6444290338B100799D57 /* MainPresenter.swift in Sources */ = {isa = PBXBuildFile; fileRef = FA3D6443290338B100799D57 /* MainPresenter.swift */; };
		FA3D644D2904369A00799D57 /* MainViewControllerTests.swift in Sources */ = {isa = PBXBuildFile; fileRef = FA3D64492904369A00799D57 /* MainViewControllerTests.swift */; };
		FA3D644E2904369A00799D57 /* MainInteractorTests.swift in Sources */ = {isa = PBXBuildFile; fileRef = FA3D644A2904369A00799D57 /* MainInteractorTests.swift */; };
		FA3D644F2904369A00799D57 /* MainWorkerTests.swift in Sources */ = {isa = PBXBuildFile; fileRef = FA3D644B2904369A00799D57 /* MainWorkerTests.swift */; };
		FA3D64502904369A00799D57 /* MainPresenterTests.swift in Sources */ = {isa = PBXBuildFile; fileRef = FA3D644C2904369A00799D57 /* MainPresenterTests.swift */; };
		FA3D64522904663900799D57 /* Seeds.swift in Sources */ = {isa = PBXBuildFile; fileRef = FA3D64512904663900799D57 /* Seeds.swift */; };
		FA3D645429047A0A00799D57 /* Result+ext.swift in Sources */ = {isa = PBXBuildFile; fileRef = FA3D645329047A0A00799D57 /* Result+ext.swift */; };
/* End PBXBuildFile section */

/* Begin PBXContainerItemProxy section */
		FA2A05B52902FAD500A04876 /* PBXContainerItemProxy */ = {
			isa = PBXContainerItemProxy;
			containerPortal = FA1B750028FDF192004FD8A6 /* Project object */;
			proxyType = 1;
			remoteGlobalIDString = FA1B750728FDF192004FD8A6;
			remoteInfo = "avito-task-internship";
		};
/* End PBXContainerItemProxy section */

/* Begin PBXFileReference section */
		048DD77BA9E6F000E55CF62B /* Pods_avito_task_internship.framework */ = {isa = PBXFileReference; explicitFileType = wrapper.framework; includeInIndex = 0; path = Pods_avito_task_internship.framework; sourceTree = BUILT_PRODUCTS_DIR; };
		71386AFFA34F4AD1E41A546D /* Pods-avito-task-internship.release.xcconfig */ = {isa = PBXFileReference; includeInIndex = 1; lastKnownFileType = text.xcconfig; name = "Pods-avito-task-internship.release.xcconfig"; path = "Target Support Files/Pods-avito-task-internship/Pods-avito-task-internship.release.xcconfig"; sourceTree = "<group>"; };
		A7BB8408C9F6427D4D517B7A /* Pods-avito-task-internship.debug.xcconfig */ = {isa = PBXFileReference; includeInIndex = 1; lastKnownFileType = text.xcconfig; name = "Pods-avito-task-internship.debug.xcconfig"; path = "Target Support Files/Pods-avito-task-internship/Pods-avito-task-internship.debug.xcconfig"; sourceTree = "<group>"; };
		FA1B750828FDF192004FD8A6 /* avito-task-internship.app */ = {isa = PBXFileReference; explicitFileType = wrapper.application; includeInIndex = 0; path = "avito-task-internship.app"; sourceTree = BUILT_PRODUCTS_DIR; };
		FA1B750B28FDF192004FD8A6 /* AppDelegate.swift */ = {isa = PBXFileReference; lastKnownFileType = sourcecode.swift; path = AppDelegate.swift; sourceTree = "<group>"; };
		FA1B750D28FDF192004FD8A6 /* SceneDelegate.swift */ = {isa = PBXFileReference; lastKnownFileType = sourcecode.swift; path = SceneDelegate.swift; sourceTree = "<group>"; };
		FA1B750F28FDF192004FD8A6 /* MainViewController.swift */ = {isa = PBXFileReference; lastKnownFileType = sourcecode.swift; path = MainViewController.swift; sourceTree = "<group>"; };
		FA1B751428FDF193004FD8A6 /* Assets.xcassets */ = {isa = PBXFileReference; lastKnownFileType = folder.assetcatalog; path = Assets.xcassets; sourceTree = "<group>"; };
		FA1B751728FDF193004FD8A6 /* Base */ = {isa = PBXFileReference; lastKnownFileType = file.storyboard; name = Base; path = Base.lproj/LaunchScreen.storyboard; sourceTree = "<group>"; };
		FA1B751928FDF193004FD8A6 /* Info.plist */ = {isa = PBXFileReference; lastKnownFileType = text.plist.xml; path = Info.plist; sourceTree = "<group>"; };
		FA1B752028FDF3C4004FD8A6 /* CompanyNetworkResponseModel.swift */ = {isa = PBXFileReference; lastKnownFileType = sourcecode.swift; path = CompanyNetworkResponseModel.swift; sourceTree = "<group>"; };
		FA1B752228FDFD6B004FD8A6 /* NetworkService.swift */ = {isa = PBXFileReference; lastKnownFileType = sourcecode.swift; path = NetworkService.swift; sourceTree = "<group>"; };
		FA1B752528FDFE85004FD8A6 /* EmployeeCell.swift */ = {isa = PBXFileReference; lastKnownFileType = sourcecode.swift; path = EmployeeCell.swift; sourceTree = "<group>"; };
		FA1B752A28FE0E45004FD8A6 /* CompanyNetworkModel.swift */ = {isa = PBXFileReference; lastKnownFileType = sourcecode.swift; path = CompanyNetworkModel.swift; sourceTree = "<group>"; };
		FA1B752C28FE0E6D004FD8A6 /* EmployeeNetworkModel.swift */ = {isa = PBXFileReference; lastKnownFileType = sourcecode.swift; path = EmployeeNetworkModel.swift; sourceTree = "<group>"; };
		FA1B752E28FE0F64004FD8A6 /* PhoneNumber.swift */ = {isa = PBXFileReference; lastKnownFileType = sourcecode.swift; path = PhoneNumber.swift; sourceTree = "<group>"; };
		FA2A059528FF342200A04876 /* Cache.swift */ = {isa = PBXFileReference; lastKnownFileType = sourcecode.swift; path = Cache.swift; sourceTree = "<group>"; };
		FA2A059828FF347600A04876 /* UserSettings.swift */ = {isa = PBXFileReference; lastKnownFileType = sourcecode.swift; path = UserSettings.swift; sourceTree = "<group>"; };
		FA2A059A28FF74D600A04876 /* Parser.swift */ = {isa = PBXFileReference; lastKnownFileType = sourcecode.swift; path = Parser.swift; sourceTree = "<group>"; };
		FA2A059C2900073500A04876 /* CacheDiskStorage.swift */ = {isa = PBXFileReference; lastKnownFileType = sourcecode.swift; path = CacheDiskStorage.swift; sourceTree = "<group>"; };
		FA2A059F29005B2E00A04876 /* HeaderView.swift */ = {isa = PBXFileReference; lastKnownFileType = sourcecode.swift; path = HeaderView.swift; sourceTree = "<group>"; };
		FA2A05A22901CDA300A04876 /* UIColor+ext.swift */ = {isa = PBXFileReference; lastKnownFileType = sourcecode.swift; path = "UIColor+ext.swift"; sourceTree = "<group>"; };
		FA2A05A42901D5B300A04876 /* UIFont+ext.swift */ = {isa = PBXFileReference; lastKnownFileType = sourcecode.swift; path = "UIFont+ext.swift"; sourceTree = "<group>"; };
		FA2A05A62901E15800A04876 /* InfoLabel.swift */ = {isa = PBXFileReference; lastKnownFileType = sourcecode.swift; path = InfoLabel.swift; sourceTree = "<group>"; };
		FA2A05A82901E72200A04876 /* DashedSeparator.swift */ = {isa = PBXFileReference; lastKnownFileType = sourcecode.swift; path = DashedSeparator.swift; sourceTree = "<group>"; };
		FA2A05AA290202DE00A04876 /* CGRect+ext.swift */ = {isa = PBXFileReference; lastKnownFileType = sourcecode.swift; path = "CGRect+ext.swift"; sourceTree = "<group>"; };
		FA2A05B12902FAD500A04876 /* Tests.xctest */ = {isa = PBXFileReference; explicitFileType = wrapper.cfbundle; includeInIndex = 0; path = Tests.xctest; sourceTree = BUILT_PRODUCTS_DIR; };
		FA2A05BA2903276900A04876 /* MainInteractor.swift */ = {isa = PBXFileReference; lastKnownFileType = sourcecode.swift; path = MainInteractor.swift; sourceTree = "<group>"; };
		FA2A05BC290328AB00A04876 /* MainModels.swift */ = {isa = PBXFileReference; lastKnownFileType = sourcecode.swift; path = MainModels.swift; sourceTree = "<group>"; };
		FA2A05BF29032B7700A04876 /* Company.swift */ = {isa = PBXFileReference; lastKnownFileType = sourcecode.swift; path = Company.swift; sourceTree = "<group>"; };
		FA2A05C129032E3400A04876 /* EmployeeName.swift */ = {isa = PBXFileReference; lastKnownFileType = sourcecode.swift; path = EmployeeName.swift; sourceTree = "<group>"; };
		FA2A05C329032E9200A04876 /* Employee.swift */ = {isa = PBXFileReference; lastKnownFileType = sourcecode.swift; path = Employee.swift; sourceTree = "<group>"; };
		FA3D6441290330F700799D57 /* NetworkWorker.swift */ = {isa = PBXFileReference; lastKnownFileType = sourcecode.swift; path = NetworkWorker.swift; sourceTree = "<group>"; };
		FA3D6443290338B100799D57 /* MainPresenter.swift */ = {isa = PBXFileReference; lastKnownFileType = sourcecode.swift; path = MainPresenter.swift; sourceTree = "<group>"; };
		FA3D64492904369A00799D57 /* MainViewControllerTests.swift */ = {isa = PBXFileReference; lastKnownFileType = sourcecode.swift; path = MainViewControllerTests.swift; sourceTree = "<group>"; };
		FA3D644A2904369A00799D57 /* MainInteractorTests.swift */ = {isa = PBXFileReference; lastKnownFileType = sourcecode.swift; path = MainInteractorTests.swift; sourceTree = "<group>"; };
		FA3D644B2904369A00799D57 /* MainWorkerTests.swift */ = {isa = PBXFileReference; lastKnownFileType = sourcecode.swift; path = MainWorkerTests.swift; sourceTree = "<group>"; };
		FA3D644C2904369A00799D57 /* MainPresenterTests.swift */ = {isa = PBXFileReference; lastKnownFileType = sourcecode.swift; path = MainPresenterTests.swift; sourceTree = "<group>"; };
		FA3D64512904663900799D57 /* Seeds.swift */ = {isa = PBXFileReference; lastKnownFileType = sourcecode.swift; path = Seeds.swift; sourceTree = "<group>"; };
		FA3D645329047A0A00799D57 /* Result+ext.swift */ = {isa = PBXFileReference; lastKnownFileType = sourcecode.swift; path = "Result+ext.swift"; sourceTree = "<group>"; };
/* End PBXFileReference section */

/* Begin PBXFrameworksBuildPhase section */
		FA1B750528FDF192004FD8A6 /* Frameworks */ = {
			isa = PBXFrameworksBuildPhase;
			buildActionMask = 2147483647;
			files = (
				6DD15C4E1A3112FE88F9B9CF /* Pods_avito_task_internship.framework in Frameworks */,
			);
			runOnlyForDeploymentPostprocessing = 0;
		};
		FA2A05AE2902FAD500A04876 /* Frameworks */ = {
			isa = PBXFrameworksBuildPhase;
			buildActionMask = 2147483647;
			files = (
			);
			runOnlyForDeploymentPostprocessing = 0;
		};
/* End PBXFrameworksBuildPhase section */

/* Begin PBXGroup section */
		62415A16BE8364DFB5161D93 /* Pods */ = {
			isa = PBXGroup;
			children = (
				A7BB8408C9F6427D4D517B7A /* Pods-avito-task-internship.debug.xcconfig */,
				71386AFFA34F4AD1E41A546D /* Pods-avito-task-internship.release.xcconfig */,
			);
			path = Pods;
			sourceTree = "<group>";
		};
		8DFA27599FEBC650402F327B /* Frameworks */ = {
			isa = PBXGroup;
			children = (
				048DD77BA9E6F000E55CF62B /* Pods_avito_task_internship.framework */,
			);
			name = Frameworks;
			sourceTree = "<group>";
		};
		FA1B74FF28FDF192004FD8A6 = {
			isa = PBXGroup;
			children = (
				FA1B750A28FDF192004FD8A6 /* avito-task-internship */,
				FA2A05B22902FAD500A04876 /* Tests */,
				FA1B750928FDF192004FD8A6 /* Products */,
				62415A16BE8364DFB5161D93 /* Pods */,
				8DFA27599FEBC650402F327B /* Frameworks */,
			);
			sourceTree = "<group>";
		};
		FA1B750928FDF192004FD8A6 /* Products */ = {
			isa = PBXGroup;
			children = (
				FA1B750828FDF192004FD8A6 /* avito-task-internship.app */,
				FA2A05B12902FAD500A04876 /* Tests.xctest */,
			);
			name = Products;
			sourceTree = "<group>";
		};
		FA1B750A28FDF192004FD8A6 /* avito-task-internship */ = {
			isa = PBXGroup;
			children = (
				FA3D64482904367D00799D57 /* Scenes */,
				FA3D6440290330E100799D57 /* Workers */,
				FA2A05BE29032B6900A04876 /* Models */,
				FA2A05A12901CD9400A04876 /* Extensions */,
				FA2A059728FF344600A04876 /* Utils */,
				FA1B752928FE07A7004FD8A6 /* NetworkModule */,
				FA1B750B28FDF192004FD8A6 /* AppDelegate.swift */,
				FA1B750D28FDF192004FD8A6 /* SceneDelegate.swift */,
				FA1B751428FDF193004FD8A6 /* Assets.xcassets */,
				FA1B751628FDF193004FD8A6 /* LaunchScreen.storyboard */,
				FA1B751928FDF193004FD8A6 /* Info.plist */,
			);
			path = "avito-task-internship";
			sourceTree = "<group>";
		};
		FA1B751F28FDF3A4004FD8A6 /* NetworkModels */ = {
			isa = PBXGroup;
			children = (
				FA1B753028FE0F79004FD8A6 /* ResponseModels */,
				FA1B752A28FE0E45004FD8A6 /* CompanyNetworkModel.swift */,
				FA1B752C28FE0E6D004FD8A6 /* EmployeeNetworkModel.swift */,
			);
			path = NetworkModels;
			sourceTree = "<group>";
		};
		FA1B752428FDFE67004FD8A6 /* Main */ = {
			isa = PBXGroup;
			children = (
				FA2A059E29005B1C00A04876 /* HelperViews */,
				FA1B750F28FDF192004FD8A6 /* MainViewController.swift */,
				FA2A05BA2903276900A04876 /* MainInteractor.swift */,
				FA3D6443290338B100799D57 /* MainPresenter.swift */,
				FA2A05BC290328AB00A04876 /* MainModels.swift */,
			);
			path = Main;
			sourceTree = "<group>";
		};
		FA1B752928FE07A7004FD8A6 /* NetworkModule */ = {
			isa = PBXGroup;
			children = (
				FA1B751F28FDF3A4004FD8A6 /* NetworkModels */,
				FA1B752228FDFD6B004FD8A6 /* NetworkService.swift */,
			);
			path = NetworkModule;
			sourceTree = "<group>";
		};
		FA1B753028FE0F79004FD8A6 /* ResponseModels */ = {
			isa = PBXGroup;
			children = (
				FA1B752028FDF3C4004FD8A6 /* CompanyNetworkResponseModel.swift */,
			);
			path = ResponseModels;
			sourceTree = "<group>";
		};
		FA2A059728FF344600A04876 /* Utils */ = {
			isa = PBXGroup;
			children = (
				FA2A059528FF342200A04876 /* Cache.swift */,
				FA2A059A28FF74D600A04876 /* Parser.swift */,
				FA2A059828FF347600A04876 /* UserSettings.swift */,
				FA2A059C2900073500A04876 /* CacheDiskStorage.swift */,
			);
			path = Utils;
			sourceTree = "<group>";
		};
		FA2A059E29005B1C00A04876 /* HelperViews */ = {
			isa = PBXGroup;
			children = (
				FA1B752528FDFE85004FD8A6 /* EmployeeCell.swift */,
				FA2A059F29005B2E00A04876 /* HeaderView.swift */,
				FA2A05A62901E15800A04876 /* InfoLabel.swift */,
				FA2A05A82901E72200A04876 /* DashedSeparator.swift */,
			);
			path = HelperViews;
			sourceTree = "<group>";
		};
		FA2A05A12901CD9400A04876 /* Extensions */ = {
			isa = PBXGroup;
			children = (
				FA2A05A22901CDA300A04876 /* UIColor+ext.swift */,
				FA2A05A42901D5B300A04876 /* UIFont+ext.swift */,
				FA2A05AA290202DE00A04876 /* CGRect+ext.swift */,
				FA3D645329047A0A00799D57 /* Result+ext.swift */,
			);
			path = Extensions;
			sourceTree = "<group>";
		};
		FA2A05B22902FAD500A04876 /* Tests */ = {
			isa = PBXGroup;
			children = (
				FA3D64472904367500799D57 /* Scenes */,
				FA3D64512904663900799D57 /* Seeds.swift */,
			);
			path = Tests;
			sourceTree = "<group>";
		};
		FA2A05BE29032B6900A04876 /* Models */ = {
			isa = PBXGroup;
			children = (
				FA2A05BF29032B7700A04876 /* Company.swift */,
				FA1B752E28FE0F64004FD8A6 /* PhoneNumber.swift */,
				FA2A05C129032E3400A04876 /* EmployeeName.swift */,
				FA2A05C329032E9200A04876 /* Employee.swift */,
			);
			path = Models;
			sourceTree = "<group>";
		};
		FA3D6440290330E100799D57 /* Workers */ = {
			isa = PBXGroup;
			children = (
				FA3D6441290330F700799D57 /* NetworkWorker.swift */,
			);
			path = Workers;
			sourceTree = "<group>";
		};
		FA3D64472904367500799D57 /* Scenes */ = {
			isa = PBXGroup;
			children = (
				FA3D64492904369A00799D57 /* MainViewControllerTests.swift */,
				FA3D644A2904369A00799D57 /* MainInteractorTests.swift */,
				FA3D644B2904369A00799D57 /* MainWorkerTests.swift */,
				FA3D644C2904369A00799D57 /* MainPresenterTests.swift */,
			);
			path = Scenes;
			sourceTree = "<group>";
		};
		FA3D64482904367D00799D57 /* Scenes */ = {
			isa = PBXGroup;
			children = (
				FA1B752428FDFE67004FD8A6 /* Main */,
			);
			path = Scenes;
			sourceTree = "<group>";
		};
/* End PBXGroup section */

/* Begin PBXNativeTarget section */
		FA1B750728FDF192004FD8A6 /* avito-task-internship */ = {
			isa = PBXNativeTarget;
			buildConfigurationList = FA1B751C28FDF193004FD8A6 /* Build configuration list for PBXNativeTarget "avito-task-internship" */;
			buildPhases = (
				DFD20C404B3D1B66C9A4CEC8 /* [CP] Check Pods Manifest.lock */,
				FA1B750428FDF192004FD8A6 /* Sources */,
				FA1B750528FDF192004FD8A6 /* Frameworks */,
				FA1B750628FDF192004FD8A6 /* Resources */,
				1BCF3089F8914EF5D981D1F3 /* [CP] Embed Pods Frameworks */,
				FA2A05AC2902B22800A04876 /* ShellScript */,
			);
			buildRules = (
			);
			dependencies = (
			);
			name = "avito-task-internship";
			productName = "avito-task-internship";
			productReference = FA1B750828FDF192004FD8A6 /* avito-task-internship.app */;
			productType = "com.apple.product-type.application";
		};
		FA2A05B02902FAD500A04876 /* Tests */ = {
			isa = PBXNativeTarget;
			buildConfigurationList = FA2A05B72902FAD500A04876 /* Build configuration list for PBXNativeTarget "Tests" */;
			buildPhases = (
				FA2A05AD2902FAD500A04876 /* Sources */,
				FA2A05AE2902FAD500A04876 /* Frameworks */,
				FA2A05AF2902FAD500A04876 /* Resources */,
			);
			buildRules = (
			);
			dependencies = (
				FA2A05B62902FAD500A04876 /* PBXTargetDependency */,
			);
			name = Tests;
			productName = Tests;
			productReference = FA2A05B12902FAD500A04876 /* Tests.xctest */;
			productType = "com.apple.product-type.bundle.unit-test";
		};
/* End PBXNativeTarget section */

/* Begin PBXProject section */
		FA1B750028FDF192004FD8A6 /* Project object */ = {
			isa = PBXProject;
			attributes = {
				BuildIndependentTargetsInParallel = 1;
				LastSwiftUpdateCheck = 1400;
				LastUpgradeCheck = 1400;
				TargetAttributes = {
					FA1B750728FDF192004FD8A6 = {
						CreatedOnToolsVersion = 14.0;
					};
					FA2A05B02902FAD500A04876 = {
						CreatedOnToolsVersion = 14.0;
						TestTargetID = FA1B750728FDF192004FD8A6;
					};
				};
			};
			buildConfigurationList = FA1B750328FDF192004FD8A6 /* Build configuration list for PBXProject "avito-task-internship" */;
			compatibilityVersion = "Xcode 14.0";
			developmentRegion = en;
			hasScannedForEncodings = 0;
			knownRegions = (
				en,
				Base,
			);
			mainGroup = FA1B74FF28FDF192004FD8A6;
			productRefGroup = FA1B750928FDF192004FD8A6 /* Products */;
			projectDirPath = "";
			projectRoot = "";
			targets = (
				FA1B750728FDF192004FD8A6 /* avito-task-internship */,
				FA2A05B02902FAD500A04876 /* Tests */,
			);
		};
/* End PBXProject section */

/* Begin PBXResourcesBuildPhase section */
		FA1B750628FDF192004FD8A6 /* Resources */ = {
			isa = PBXResourcesBuildPhase;
			buildActionMask = 2147483647;
			files = (
				FA1B751828FDF193004FD8A6 /* LaunchScreen.storyboard in Resources */,
				FA1B751528FDF193004FD8A6 /* Assets.xcassets in Resources */,
			);
			runOnlyForDeploymentPostprocessing = 0;
		};
		FA2A05AF2902FAD500A04876 /* Resources */ = {
			isa = PBXResourcesBuildPhase;
			buildActionMask = 2147483647;
			files = (
			);
			runOnlyForDeploymentPostprocessing = 0;
		};
/* End PBXResourcesBuildPhase section */

/* Begin PBXShellScriptBuildPhase section */
		1BCF3089F8914EF5D981D1F3 /* [CP] Embed Pods Frameworks */ = {
			isa = PBXShellScriptBuildPhase;
			buildActionMask = 2147483647;
			files = (
			);
			inputFileListPaths = (
				"${PODS_ROOT}/Target Support Files/Pods-avito-task-internship/Pods-avito-task-internship-frameworks-${CONFIGURATION}-input-files.xcfilelist",
			);
			name = "[CP] Embed Pods Frameworks";
			outputFileListPaths = (
				"${PODS_ROOT}/Target Support Files/Pods-avito-task-internship/Pods-avito-task-internship-frameworks-${CONFIGURATION}-output-files.xcfilelist",
			);
			runOnlyForDeploymentPostprocessing = 0;
			shellPath = /bin/sh;
			shellScript = "\"${PODS_ROOT}/Target Support Files/Pods-avito-task-internship/Pods-avito-task-internship-frameworks.sh\"\n";
			showEnvVarsInLog = 0;
		};
		DFD20C404B3D1B66C9A4CEC8 /* [CP] Check Pods Manifest.lock */ = {
			isa = PBXShellScriptBuildPhase;
			buildActionMask = 2147483647;
			files = (
			);
			inputFileListPaths = (
			);
			inputPaths = (
				"${PODS_PODFILE_DIR_PATH}/Podfile.lock",
				"${PODS_ROOT}/Manifest.lock",
			);
			name = "[CP] Check Pods Manifest.lock";
			outputFileListPaths = (
			);
			outputPaths = (
				"$(DERIVED_FILE_DIR)/Pods-avito-task-internship-checkManifestLockResult.txt",
			);
			runOnlyForDeploymentPostprocessing = 0;
			shellPath = /bin/sh;
			shellScript = "diff \"${PODS_PODFILE_DIR_PATH}/Podfile.lock\" \"${PODS_ROOT}/Manifest.lock\" > /dev/null\nif [ $? != 0 ] ; then\n    # print error to STDERR\n    echo \"error: The sandbox is not in sync with the Podfile.lock. Run 'pod install' or update your CocoaPods installation.\" >&2\n    exit 1\nfi\n# This output is used by Xcode 'outputs' to avoid re-running this script phase.\necho \"SUCCESS\" > \"${SCRIPT_OUTPUT_FILE_0}\"\n";
			showEnvVarsInLog = 0;
		};
		FA2A05AC2902B22800A04876 /* ShellScript */ = {
			isa = PBXShellScriptBuildPhase;
			alwaysOutOfDate = 1;
			buildActionMask = 2147483647;
			files = (
			);
			inputFileListPaths = (
			);
			inputPaths = (
			);
			outputFileListPaths = (
			);
			outputPaths = (
			);
			runOnlyForDeploymentPostprocessing = 0;
			shellPath = /bin/sh;
			shellScript = "SWIFTLINT=\"${PODS_ROOT}/SwiftLint/swiftlint\"\n\nif which ${SWIFTLINT} >/dev/null; then\n    ${SWIFTLINT} autocorrect && ${SWIFTLINT} --config .swiftlint.yml\nelse\necho \"warning: SwiftLint not installed, download from https://github.com/realm/SwiftLint\"\nfi\n";
		};
/* End PBXShellScriptBuildPhase section */

/* Begin PBXSourcesBuildPhase section */
		FA1B750428FDF192004FD8A6 /* Sources */ = {
			isa = PBXSourcesBuildPhase;
			buildActionMask = 2147483647;
			files = (
				FA2A05A72901E15800A04876 /* InfoLabel.swift in Sources */,
				FA2A05A52901D5B300A04876 /* UIFont+ext.swift in Sources */,
				FA1B752328FDFD6B004FD8A6 /* NetworkService.swift in Sources */,
				FA2A059D2900073500A04876 /* CacheDiskStorage.swift in Sources */,
				FA3D6444290338B100799D57 /* MainPresenter.swift in Sources */,
				FA2A059928FF347600A04876 /* UserSettings.swift in Sources */,
				FA2A05BB2903276900A04876 /* MainInteractor.swift in Sources */,
				FA2A05A92901E72200A04876 /* DashedSeparator.swift in Sources */,
				FA1B751028FDF192004FD8A6 /* MainViewController.swift in Sources */,
				FA1B750C28FDF192004FD8A6 /* AppDelegate.swift in Sources */,
				FA2A05A32901CDA300A04876 /* UIColor+ext.swift in Sources */,
				FA2A059B28FF74D600A04876 /* Parser.swift in Sources */,
				FA1B752F28FE0F64004FD8A6 /* PhoneNumber.swift in Sources */,
				FA3D6442290330F700799D57 /* NetworkWorker.swift in Sources */,
				FA2A05AB290202DE00A04876 /* CGRect+ext.swift in Sources */,
				FA2A059628FF342200A04876 /* Cache.swift in Sources */,
				FA1B752628FDFE85004FD8A6 /* EmployeeCell.swift in Sources */,
				FA1B752D28FE0E6D004FD8A6 /* EmployeeNetworkModel.swift in Sources */,
				FA2A05A029005B2E00A04876 /* HeaderView.swift in Sources */,
				FA2A05C429032E9200A04876 /* Employee.swift in Sources */,
				FA2A05C029032B7700A04876 /* Company.swift in Sources */,
				FA1B750E28FDF192004FD8A6 /* SceneDelegate.swift in Sources */,
				FA1B752B28FE0E45004FD8A6 /* CompanyNetworkModel.swift in Sources */,
				FA2A05BD290328AB00A04876 /* MainModels.swift in Sources */,
				FA2A05C229032E3400A04876 /* EmployeeName.swift in Sources */,
				FA1B752128FDF3C4004FD8A6 /* CompanyNetworkResponseModel.swift in Sources */,
				FA3D645429047A0A00799D57 /* Result+ext.swift in Sources */,
			);
			runOnlyForDeploymentPostprocessing = 0;
		};
		FA2A05AD2902FAD500A04876 /* Sources */ = {
			isa = PBXSourcesBuildPhase;
			buildActionMask = 2147483647;
			files = (
				FA3D644E2904369A00799D57 /* MainInteractorTests.swift in Sources */,
				FA3D64522904663900799D57 /* Seeds.swift in Sources */,
				FA3D64502904369A00799D57 /* MainPresenterTests.swift in Sources */,
				FA3D644F2904369A00799D57 /* MainWorkerTests.swift in Sources */,
				FA3D644D2904369A00799D57 /* MainViewControllerTests.swift in Sources */,
			);
			runOnlyForDeploymentPostprocessing = 0;
		};
/* End PBXSourcesBuildPhase section */

/* Begin PBXTargetDependency section */
		FA2A05B62902FAD500A04876 /* PBXTargetDependency */ = {
			isa = PBXTargetDependency;
			target = FA1B750728FDF192004FD8A6 /* avito-task-internship */;
			targetProxy = FA2A05B52902FAD500A04876 /* PBXContainerItemProxy */;
		};
/* End PBXTargetDependency section */

/* Begin PBXVariantGroup section */
		FA1B751628FDF193004FD8A6 /* LaunchScreen.storyboard */ = {
			isa = PBXVariantGroup;
			children = (
				FA1B751728FDF193004FD8A6 /* Base */,
			);
			name = LaunchScreen.storyboard;
			sourceTree = "<group>";
		};
/* End PBXVariantGroup section */

/* Begin XCBuildConfiguration section */
		FA1B751A28FDF193004FD8A6 /* Debug */ = {
			isa = XCBuildConfiguration;
			buildSettings = {
				ALWAYS_SEARCH_USER_PATHS = NO;
				CLANG_ANALYZER_NONNULL = YES;
				CLANG_ANALYZER_NUMBER_OBJECT_CONVERSION = YES_AGGRESSIVE;
				CLANG_CXX_LANGUAGE_STANDARD = "gnu++20";
				CLANG_ENABLE_MODULES = YES;
				CLANG_ENABLE_OBJC_ARC = YES;
				CLANG_ENABLE_OBJC_WEAK = YES;
				CLANG_WARN_BLOCK_CAPTURE_AUTORELEASING = YES;
				CLANG_WARN_BOOL_CONVERSION = YES;
				CLANG_WARN_COMMA = YES;
				CLANG_WARN_CONSTANT_CONVERSION = YES;
				CLANG_WARN_DEPRECATED_OBJC_IMPLEMENTATIONS = YES;
				CLANG_WARN_DIRECT_OBJC_ISA_USAGE = YES_ERROR;
				CLANG_WARN_DOCUMENTATION_COMMENTS = YES;
				CLANG_WARN_EMPTY_BODY = YES;
				CLANG_WARN_ENUM_CONVERSION = YES;
				CLANG_WARN_INFINITE_RECURSION = YES;
				CLANG_WARN_INT_CONVERSION = YES;
				CLANG_WARN_NON_LITERAL_NULL_CONVERSION = YES;
				CLANG_WARN_OBJC_IMPLICIT_RETAIN_SELF = YES;
				CLANG_WARN_OBJC_LITERAL_CONVERSION = YES;
				CLANG_WARN_OBJC_ROOT_CLASS = YES_ERROR;
				CLANG_WARN_QUOTED_INCLUDE_IN_FRAMEWORK_HEADER = YES;
				CLANG_WARN_RANGE_LOOP_ANALYSIS = YES;
				CLANG_WARN_STRICT_PROTOTYPES = YES;
				CLANG_WARN_SUSPICIOUS_MOVE = YES;
				CLANG_WARN_UNGUARDED_AVAILABILITY = YES_AGGRESSIVE;
				CLANG_WARN_UNREACHABLE_CODE = YES;
				CLANG_WARN__DUPLICATE_METHOD_MATCH = YES;
				COPY_PHASE_STRIP = NO;
				DEBUG_INFORMATION_FORMAT = dwarf;
				ENABLE_STRICT_OBJC_MSGSEND = YES;
				ENABLE_TESTABILITY = YES;
				GCC_C_LANGUAGE_STANDARD = gnu11;
				GCC_DYNAMIC_NO_PIC = NO;
				GCC_NO_COMMON_BLOCKS = YES;
				GCC_OPTIMIZATION_LEVEL = 0;
				GCC_PREPROCESSOR_DEFINITIONS = (
					"DEBUG=1",
					"$(inherited)",
				);
				GCC_WARN_64_TO_32_BIT_CONVERSION = YES;
				GCC_WARN_ABOUT_RETURN_TYPE = YES_ERROR;
				GCC_WARN_UNDECLARED_SELECTOR = YES;
				GCC_WARN_UNINITIALIZED_AUTOS = YES_AGGRESSIVE;
				GCC_WARN_UNUSED_FUNCTION = YES;
				GCC_WARN_UNUSED_VARIABLE = YES;
				IPHONEOS_DEPLOYMENT_TARGET = 13.0;
				MTL_ENABLE_DEBUG_INFO = INCLUDE_SOURCE;
				MTL_FAST_MATH = YES;
				ONLY_ACTIVE_ARCH = YES;
				SDKROOT = iphoneos;
				SWIFT_ACTIVE_COMPILATION_CONDITIONS = DEBUG;
				SWIFT_OPTIMIZATION_LEVEL = "-Onone";
			};
			name = Debug;
		};
		FA1B751B28FDF193004FD8A6 /* Release */ = {
			isa = XCBuildConfiguration;
			buildSettings = {
				ALWAYS_SEARCH_USER_PATHS = NO;
				CLANG_ANALYZER_NONNULL = YES;
				CLANG_ANALYZER_NUMBER_OBJECT_CONVERSION = YES_AGGRESSIVE;
				CLANG_CXX_LANGUAGE_STANDARD = "gnu++20";
				CLANG_ENABLE_MODULES = YES;
				CLANG_ENABLE_OBJC_ARC = YES;
				CLANG_ENABLE_OBJC_WEAK = YES;
				CLANG_WARN_BLOCK_CAPTURE_AUTORELEASING = YES;
				CLANG_WARN_BOOL_CONVERSION = YES;
				CLANG_WARN_COMMA = YES;
				CLANG_WARN_CONSTANT_CONVERSION = YES;
				CLANG_WARN_DEPRECATED_OBJC_IMPLEMENTATIONS = YES;
				CLANG_WARN_DIRECT_OBJC_ISA_USAGE = YES_ERROR;
				CLANG_WARN_DOCUMENTATION_COMMENTS = YES;
				CLANG_WARN_EMPTY_BODY = YES;
				CLANG_WARN_ENUM_CONVERSION = YES;
				CLANG_WARN_INFINITE_RECURSION = YES;
				CLANG_WARN_INT_CONVERSION = YES;
				CLANG_WARN_NON_LITERAL_NULL_CONVERSION = YES;
				CLANG_WARN_OBJC_IMPLICIT_RETAIN_SELF = YES;
				CLANG_WARN_OBJC_LITERAL_CONVERSION = YES;
				CLANG_WARN_OBJC_ROOT_CLASS = YES_ERROR;
				CLANG_WARN_QUOTED_INCLUDE_IN_FRAMEWORK_HEADER = YES;
				CLANG_WARN_RANGE_LOOP_ANALYSIS = YES;
				CLANG_WARN_STRICT_PROTOTYPES = YES;
				CLANG_WARN_SUSPICIOUS_MOVE = YES;
				CLANG_WARN_UNGUARDED_AVAILABILITY = YES_AGGRESSIVE;
				CLANG_WARN_UNREACHABLE_CODE = YES;
				CLANG_WARN__DUPLICATE_METHOD_MATCH = YES;
				COPY_PHASE_STRIP = NO;
				DEBUG_INFORMATION_FORMAT = "dwarf-with-dsym";
				ENABLE_NS_ASSERTIONS = NO;
				ENABLE_STRICT_OBJC_MSGSEND = YES;
				GCC_C_LANGUAGE_STANDARD = gnu11;
				GCC_NO_COMMON_BLOCKS = YES;
				GCC_WARN_64_TO_32_BIT_CONVERSION = YES;
				GCC_WARN_ABOUT_RETURN_TYPE = YES_ERROR;
				GCC_WARN_UNDECLARED_SELECTOR = YES;
				GCC_WARN_UNINITIALIZED_AUTOS = YES_AGGRESSIVE;
				GCC_WARN_UNUSED_FUNCTION = YES;
				GCC_WARN_UNUSED_VARIABLE = YES;
				IPHONEOS_DEPLOYMENT_TARGET = 13.0;
				MTL_ENABLE_DEBUG_INFO = NO;
				MTL_FAST_MATH = YES;
				SDKROOT = iphoneos;
				SWIFT_COMPILATION_MODE = wholemodule;
				SWIFT_OPTIMIZATION_LEVEL = "-O";
				VALIDATE_PRODUCT = YES;
			};
			name = Release;
		};
		FA1B751D28FDF193004FD8A6 /* Debug */ = {
			isa = XCBuildConfiguration;
			baseConfigurationReference = A7BB8408C9F6427D4D517B7A /* Pods-avito-task-internship.debug.xcconfig */;
			buildSettings = {
				ASSETCATALOG_COMPILER_APPICON_NAME = AppIcon;
				ASSETCATALOG_COMPILER_GLOBAL_ACCENT_COLOR_NAME = AccentColor;
				CODE_SIGN_STYLE = Automatic;
				CURRENT_PROJECT_VERSION = 1;
				DEVELOPMENT_TEAM = NYGY5GQKY5;
				GENERATE_INFOPLIST_FILE = YES;
				INFOPLIST_FILE = "avito-task-internship/Info.plist";
				INFOPLIST_KEY_UIApplicationSupportsIndirectInputEvents = YES;
				INFOPLIST_KEY_UILaunchStoryboardName = LaunchScreen;
				INFOPLIST_KEY_UISupportedInterfaceOrientations_iPad = "UIInterfaceOrientationPortrait UIInterfaceOrientationPortraitUpsideDown UIInterfaceOrientationLandscapeLeft UIInterfaceOrientationLandscapeRight";
				INFOPLIST_KEY_UISupportedInterfaceOrientations_iPhone = "UIInterfaceOrientationPortrait UIInterfaceOrientationLandscapeLeft UIInterfaceOrientationLandscapeRight";
				LD_RUNPATH_SEARCH_PATHS = (
					"$(inherited)",
					"@executable_path/Frameworks",
				);
				MARKETING_VERSION = 1.0;
				PRODUCT_BUNDLE_IDENTIFIER = "com.antipeon.avito-task-internship";
				PRODUCT_NAME = "$(TARGET_NAME)";
				SWIFT_EMIT_LOC_STRINGS = YES;
				SWIFT_VERSION = 5.0;
				TARGETED_DEVICE_FAMILY = "1,2";
			};
			name = Debug;
		};
		FA1B751E28FDF193004FD8A6 /* Release */ = {
			isa = XCBuildConfiguration;
			baseConfigurationReference = 71386AFFA34F4AD1E41A546D /* Pods-avito-task-internship.release.xcconfig */;
			buildSettings = {
				ASSETCATALOG_COMPILER_APPICON_NAME = AppIcon;
				ASSETCATALOG_COMPILER_GLOBAL_ACCENT_COLOR_NAME = AccentColor;
				CODE_SIGN_STYLE = Automatic;
				CURRENT_PROJECT_VERSION = 1;
				DEVELOPMENT_TEAM = NYGY5GQKY5;
				GENERATE_INFOPLIST_FILE = YES;
				INFOPLIST_FILE = "avito-task-internship/Info.plist";
				INFOPLIST_KEY_UIApplicationSupportsIndirectInputEvents = YES;
				INFOPLIST_KEY_UILaunchStoryboardName = LaunchScreen;
				INFOPLIST_KEY_UISupportedInterfaceOrientations_iPad = "UIInterfaceOrientationPortrait UIInterfaceOrientationPortraitUpsideDown UIInterfaceOrientationLandscapeLeft UIInterfaceOrientationLandscapeRight";
				INFOPLIST_KEY_UISupportedInterfaceOrientations_iPhone = "UIInterfaceOrientationPortrait UIInterfaceOrientationLandscapeLeft UIInterfaceOrientationLandscapeRight";
				LD_RUNPATH_SEARCH_PATHS = (
					"$(inherited)",
					"@executable_path/Frameworks",
				);
				MARKETING_VERSION = 1.0;
				PRODUCT_BUNDLE_IDENTIFIER = "com.antipeon.avito-task-internship";
				PRODUCT_NAME = "$(TARGET_NAME)";
				SWIFT_EMIT_LOC_STRINGS = YES;
				SWIFT_VERSION = 5.0;
				TARGETED_DEVICE_FAMILY = "1,2";
			};
			name = Release;
		};
		FA2A05B82902FAD500A04876 /* Debug */ = {
			isa = XCBuildConfiguration;
			buildSettings = {
				BUNDLE_LOADER = "$(TEST_HOST)";
				CODE_SIGN_STYLE = Automatic;
				CURRENT_PROJECT_VERSION = 1;
				DEVELOPMENT_TEAM = NYGY5GQKY5;
				GENERATE_INFOPLIST_FILE = YES;
				IPHONEOS_DEPLOYMENT_TARGET = 16.0;
				MARKETING_VERSION = 1.0;
				PRODUCT_BUNDLE_IDENTIFIER = com.antipeon.Tests;
				PRODUCT_NAME = "$(TARGET_NAME)";
				SWIFT_EMIT_LOC_STRINGS = NO;
				SWIFT_VERSION = 5.0;
				TARGETED_DEVICE_FAMILY = "1,2";
				TEST_HOST = "$(BUILT_PRODUCTS_DIR)/avito-task-internship.app/$(BUNDLE_EXECUTABLE_FOLDER_PATH)/avito-task-internship";
			};
			name = Debug;
		};
		FA2A05B92902FAD500A04876 /* Release */ = {
			isa = XCBuildConfiguration;
			buildSettings = {
				BUNDLE_LOADER = "$(TEST_HOST)";
				CODE_SIGN_STYLE = Automatic;
				CURRENT_PROJECT_VERSION = 1;
				DEVELOPMENT_TEAM = NYGY5GQKY5;
				GENERATE_INFOPLIST_FILE = YES;
				IPHONEOS_DEPLOYMENT_TARGET = 16.0;
				MARKETING_VERSION = 1.0;
				PRODUCT_BUNDLE_IDENTIFIER = com.antipeon.Tests;
				PRODUCT_NAME = "$(TARGET_NAME)";
				SWIFT_EMIT_LOC_STRINGS = NO;
				SWIFT_VERSION = 5.0;
				TARGETED_DEVICE_FAMILY = "1,2";
				TEST_HOST = "$(BUILT_PRODUCTS_DIR)/avito-task-internship.app/$(BUNDLE_EXECUTABLE_FOLDER_PATH)/avito-task-internship";
			};
			name = Release;
		};
/* End XCBuildConfiguration section */

/* Begin XCConfigurationList section */
		FA1B750328FDF192004FD8A6 /* Build configuration list for PBXProject "avito-task-internship" */ = {
			isa = XCConfigurationList;
			buildConfigurations = (
				FA1B751A28FDF193004FD8A6 /* Debug */,
				FA1B751B28FDF193004FD8A6 /* Release */,
			);
			defaultConfigurationIsVisible = 0;
			defaultConfigurationName = Release;
		};
		FA1B751C28FDF193004FD8A6 /* Build configuration list for PBXNativeTarget "avito-task-internship" */ = {
			isa = XCConfigurationList;
			buildConfigurations = (
				FA1B751D28FDF193004FD8A6 /* Debug */,
				FA1B751E28FDF193004FD8A6 /* Release */,
			);
			defaultConfigurationIsVisible = 0;
			defaultConfigurationName = Release;
		};
		FA2A05B72902FAD500A04876 /* Build configuration list for PBXNativeTarget "Tests" */ = {
			isa = XCConfigurationList;
			buildConfigurations = (
				FA2A05B82902FAD500A04876 /* Debug */,
				FA2A05B92902FAD500A04876 /* Release */,
			);
			defaultConfigurationIsVisible = 0;
			defaultConfigurationName = Release;
		};
/* End XCConfigurationList section */
	};
	rootObject = FA1B750028FDF192004FD8A6 /* Project object */;
}
