PODS:
  - CocoaLumberjack/Core (3.7.4)
  - CocoaLumberjack/Swift (3.7.4):
    - CocoaLumberjack/Core
  - SwiftLint (0.47.1)

DEPENDENCIES:
  - CocoaLumberjack/Swift (~> 3.7.0)
  - SwiftLint (~> 0.47.0)

SPEC REPOS:
  trunk:
    - CocoaLumberjack
    - SwiftLint

SPEC CHECKSUMS:
  CocoaLumberjack: 543c79c114dadc3b1aba95641d8738b06b05b646
  SwiftLint: f80f1be7fa96d30e0aa68e58d45d4ea1ccaac519

PODFILE CHECKSUM: a76aeb4b7e03ed6458626c5658f218ad272d5602

COCOAPODS: 1.11.3
